
Microsoft Visual Studio Solution File, Format Version 12.00
# Visual Studio Version 16
VisualStudioVersion = 16.0.30517.126
MinimumVisualStudioVersion = 10.0.40219.1
Project("{8BC9CEB8-8B4A-11D0-8D11-00A0C91BC942}") = "metamorph-clib", "metamorph-clib\metamorph-clib.vcxproj", "{A4F0B9EE-150A-4FB1-961C-17C6069ACA5A}"
EndProject
Global
	GlobalSection(SolutionConfigurationPlatforms) = preSolution
		Debug|x64 = Debug|x64
		Debug|x86 = Debug|x86
		Release|x64 = Release|x64
		Release|x86 = Release|x86
		Test Functions|x64 = Test Functions|x64
		Test Functions|x86 = Test Functions|x86
		Test-Primf|x64 = Test-Primf|x64
		Test-Primf|x86 = Test-Primf|x86
	EndGlobalSection
	GlobalSection(ProjectConfigurationPlatforms) = postSolution
		{A4F0B9EE-150A-4FB1-961C-17C6069ACA5A}.Debug|x64.ActiveCfg = Debug|x64
		{A4F0B9EE-150A-4FB1-961C-17C6069ACA5A}.Debug|x64.Build.0 = Debug|x64
		{A4F0B9EE-150A-4FB1-961C-17C6069ACA5A}.Debug|x86.ActiveCfg = Debug|Win32
		{A4F0B9EE-150A-4FB1-961C-17C6069ACA5A}.Debug|x86.Build.0 = Debug|Win32
		{A4F0B9EE-150A-4FB1-961C-17C6069ACA5A}.Release|x64.ActiveCfg = Release|x64
		{A4F0B9EE-150A-4FB1-961C-17C6069ACA5A}.Release|x64.Build.0 = Release|x64
		{A4F0B9EE-150A-4FB1-961C-17C6069ACA5A}.Release|x86.ActiveCfg = Release|Win32
		{A4F0B9EE-150A-4FB1-961C-17C6069ACA5A}.Release|x86.Build.0 = Release|Win32
		{A4F0B9EE-150A-4FB1-961C-17C6069ACA5A}.Test Functions|x64.ActiveCfg = Test Functions|x64
		{A4F0B9EE-150A-4FB1-961C-17C6069ACA5A}.Test Functions|x64.Build.0 = Test Functions|x64
		{A4F0B9EE-150A-4FB1-961C-17C6069ACA5A}.Test Functions|x86.ActiveCfg = Test Functions|Win32
		{A4F0B9EE-150A-4FB1-961C-17C6069ACA5A}.Test Functions|x86.Build.0 = Test Functions|Win32
		{A4F0B9EE-150A-4FB1-961C-17C6069ACA5A}.Test-Primf|x64.ActiveCfg = Test-Primf|x64
		{A4F0B9EE-150A-4FB1-961C-17C6069ACA5A}.Test-Primf|x64.Build.0 = Test-Primf|x64
		{A4F0B9EE-150A-4FB1-961C-17C6069ACA5A}.Test-Primf|x86.ActiveCfg = Test-Primf|Win32
		{A4F0B9EE-150A-4FB1-961C-17C6069ACA5A}.Test-Primf|x86.Build.0 = Test-Primf|Win32
	EndGlobalSection
	GlobalSection(SolutionProperties) = preSolution
		HideSolutionNode = FALSE
	EndGlobalSection
	GlobalSection(ExtensibilityGlobals) = postSolution
		SolutionGuid = {6BE440DD-858A-489A-8069-BA4F73CAFFD6}
	EndGlobalSection
EndGlobal
