<?xml version="1.0" encoding="utf-8"?>
<Project ToolsVersion="4.0" xmlns="http://schemas.microsoft.com/developer/msbuild/2003">
  <ItemGroup>
    <Filter Include="Source Files">
      <UniqueIdentifier>{4FC737F1-C7A5-4376-A066-2A32D752A2FF}</UniqueIdentifier>
      <Extensions>cpp;c;cc;cxx;c++;cppm;ixx;def;odl;idl;hpj;bat;asm;asmx</Extensions>
    </Filter>
    <Filter Include="Header Files">
      <UniqueIdentifier>{93995380-89BD-4b04-88EB-625FBE52EBFB}</UniqueIdentifier>
      <Extensions>h;hh;hpp;hxx;h++;hm;inl;inc;ipp;xsd</Extensions>
    </Filter>
    <Filter Include="Header Files\Public">
      <UniqueIdentifier>{21972882-8986-4758-8ddd-ada1e7a04ca7}</UniqueIdentifier>
    </Filter>
    <Filter Include="Header Files\Internal">
      <UniqueIdentifier>{c3f2ccd2-a1a4-4778-a520-eb1348f4682c}</UniqueIdentifier>
    </Filter>
  </ItemGroup>
  <ItemGroup>
    <ClInclude Include="src\cache\cache_internal.h">
      <Filter>Header Files\Internal</Filter>
    </ClInclude>
    <ClInclude Include="src\dyntypes\dyntypes_internal.h">
      <Filter>Header Files\Internal</Filter>
    </ClInclude>
    <ClInclude Include="src\functions\functions_internal.h">
      <Filter>Header Files\Internal</Filter>
    </ClInclude>
    <ClInclude Include="src\primf\primf_internal.h">
      <Filter>Header Files\Internal</Filter>
    </ClInclude>
    <ClInclude Include="src\cache.h">
      <Filter>Header Files\Public</Filter>
    </ClInclude>
    <ClInclude Include="src\common.h">
      <Filter>Header Files\Public</Filter>
    </ClInclude>
    <ClInclude Include="src\dyntypes.h">
      <Filter>Header Files\Public</Filter>
    </ClInclude>
    <ClInclude Include="src\functions.h">
      <Filter>Header Files\Public</Filter>
    </ClInclude>
    <ClInclude Include="src\gc.h">
      <Filter>Header Files\Public</Filter>
    </ClInclude>
    <ClInclude Include="src\lambda.h">
      <Filter>Header Files\Public</Filter>
    </ClInclude>
    <ClInclude Include="src\primf.h">
      <Filter>Header Files\Public</Filter>
    </ClInclude>
    <ClInclude Include="src\continuation.h">
      <Filter>Header Files\Public</Filter>
    </ClInclude>
  </ItemGroup>
  <ItemGroup>
    <ClCompile Include="src\dyntypes\dyntypes.c">
      <Filter>Source Files</Filter>
    </ClCompile>
    <ClCompile Include="src\cache\cache.c">
      <Filter>Source Files</Filter>
    </ClCompile>
    <ClCompile Include="src\functions\functions.c">
      <Filter>Source Files</Filter>
    </ClCompile>
    <ClCompile Include="src\primf\booleans.c">
      <Filter>Source Files</Filter>
    </ClCompile>
    <ClCompile Include="src\primf\lambda.c">
      <Filter>Source Files</Filter>
    </ClCompile>
    <ClCompile Include="src\primf\pairs.c">
      <Filter>Source Files</Filter>
    </ClCompile>
    <ClCompile Include="src\primf\symbols.c">
      <Filter>Source Files</Filter>
    </ClCompile>
    <ClCompile Include="src\test_functions.c">
      <Filter>Source Files</Filter>
    </ClCompile>
    <ClCompile Include="src\primf\numbers.c">
      <Filter>Source Files</Filter>
    </ClCompile>
    <ClCompile Include="src\primf-test\test_primf.c">
      <Filter>Source Files</Filter>
    </ClCompile>
    <ClCompile Include="src\primf\continuation.c">
      <Filter>Source Files</Filter>
    </ClCompile>
  </ItemGroup>
  <ItemGroup>
    <None Include="cpp.hint" />
  </ItemGroup>
</Project>